// !$*UTF8*$!
{
	archiveVersion = 1;
	classes = {
	};
	objectVersion = 48;
	objects = {

/* Begin PBXBuildFile section */
		4DDBCB40B803B50BF991B891 /* libPods-BlockPointers.a in Frameworks */ = {isa = PBXBuildFile; fileRef = 0F5EC5FB65C5B72C698B71C3 /* libPods-BlockPointers.a */; };
		88487DED20070D0E0036D55D /* AppDelegate.m in Sources */ = {isa = PBXBuildFile; fileRef = 88487DEC20070D0E0036D55D /* AppDelegate.m */; };
		88487DF020070D0E0036D55D /* ViewController.m in Sources */ = {isa = PBXBuildFile; fileRef = 88487DEF20070D0E0036D55D /* ViewController.m */; };
		88487DF320070D0E0036D55D /* Main.storyboard in Resources */ = {isa = PBXBuildFile; fileRef = 88487DF120070D0E0036D55D /* Main.storyboard */; };
		88487DF520070D0E0036D55D /* Assets.xcassets in Resources */ = {isa = PBXBuildFile; fileRef = 88487DF420070D0E0036D55D /* Assets.xcassets */; };
		88487DF820070D0E0036D55D /* LaunchScreen.storyboard in Resources */ = {isa = PBXBuildFile; fileRef = 88487DF620070D0E0036D55D /* LaunchScreen.storyboard */; };
		88487DFB20070D0E0036D55D /* main.m in Sources */ = {isa = PBXBuildFile; fileRef = 88487DFA20070D0E0036D55D /* main.m */; };
		88487E0520070D0E0036D55D /* BlockPointersTests.m in Sources */ = {isa = PBXBuildFile; fileRef = 88487E0420070D0E0036D55D /* BlockPointersTests.m */; };
		88487E1020070D0F0036D55D /* BlockPointersUITests.m in Sources */ = {isa = PBXBuildFile; fileRef = 88487E0F20070D0F0036D55D /* BlockPointersUITests.m */; };
		88487E21200748940036D55D /* NSObject+Block.m in Sources */ = {isa = PBXBuildFile; fileRef = 88487E20200748940036D55D /* NSObject+Block.m */; };
		88487E24200766EE0036D55D /* BPBlockLayout.m in Sources */ = {isa = PBXBuildFile; fileRef = 88487E23200766EE0036D55D /* BPBlockLayout.m */; };
/* End PBXBuildFile section */

/* Begin PBXContainerItemProxy section */
		88487E0120070D0E0036D55D /* PBXContainerItemProxy */ = {
			isa = PBXContainerItemProxy;
			containerPortal = 88487DE020070D0E0036D55D /* Project object */;
			proxyType = 1;
			remoteGlobalIDString = 88487DE720070D0E0036D55D;
			remoteInfo = BlockPointers;
		};
		88487E0C20070D0E0036D55D /* PBXContainerItemProxy */ = {
			isa = PBXContainerItemProxy;
			containerPortal = 88487DE020070D0E0036D55D /* Project object */;
			proxyType = 1;
			remoteGlobalIDString = 88487DE720070D0E0036D55D;
			remoteInfo = BlockPointers;
		};
/* End PBXContainerItemProxy section */

/* Begin PBXFileReference section */
		0F5EC5FB65C5B72C698B71C3 /* libPods-BlockPointers.a */ = {isa = PBXFileReference; explicitFileType = archive.ar; includeInIndex = 0; path = "libPods-BlockPointers.a"; sourceTree = BUILT_PRODUCTS_DIR; };
		88487DE820070D0E0036D55D /* BlockPointers.app */ = {isa = PBXFileReference; explicitFileType = wrapper.application; includeInIndex = 0; path = BlockPointers.app; sourceTree = BUILT_PRODUCTS_DIR; };
		88487DEB20070D0E0036D55D /* AppDelegate.h */ = {isa = PBXFileReference; lastKnownFileType = sourcecode.c.h; path = AppDelegate.h; sourceTree = "<group>"; };
		88487DEC20070D0E0036D55D /* AppDelegate.m */ = {isa = PBXFileReference; lastKnownFileType = sourcecode.c.objc; path = AppDelegate.m; sourceTree = "<group>"; };
		88487DEE20070D0E0036D55D /* ViewController.h */ = {isa = PBXFileReference; lastKnownFileType = sourcecode.c.h; path = ViewController.h; sourceTree = "<group>"; };
		88487DEF20070D0E0036D55D /* ViewController.m */ = {isa = PBXFileReference; lastKnownFileType = sourcecode.c.objc; path = ViewController.m; sourceTree = "<group>"; };
		88487DF220070D0E0036D55D /* Base */ = {isa = PBXFileReference; lastKnownFileType = file.storyboard; name = Base; path = Base.lproj/Main.storyboard; sourceTree = "<group>"; };
		88487DF420070D0E0036D55D /* Assets.xcassets */ = {isa = PBXFileReference; lastKnownFileType = folder.assetcatalog; path = Assets.xcassets; sourceTree = "<group>"; };
		88487DF720070D0E0036D55D /* Base */ = {isa = PBXFileReference; lastKnownFileType = file.storyboard; name = Base; path = Base.lproj/LaunchScreen.storyboard; sourceTree = "<group>"; };
		88487DF920070D0E0036D55D /* Info.plist */ = {isa = PBXFileReference; lastKnownFileType = text.plist.xml; path = Info.plist; sourceTree = "<group>"; };
		88487DFA20070D0E0036D55D /* main.m */ = {isa = PBXFileReference; lastKnownFileType = sourcecode.c.objc; path = main.m; sourceTree = "<group>"; };
		88487E0020070D0E0036D55D /* BlockPointersTests.xctest */ = {isa = PBXFileReference; explicitFileType = wrapper.cfbundle; includeInIndex = 0; path = BlockPointersTests.xctest; sourceTree = BUILT_PRODUCTS_DIR; };
		88487E0420070D0E0036D55D /* BlockPointersTests.m */ = {isa = PBXFileReference; lastKnownFileType = sourcecode.c.objc; path = BlockPointersTests.m; sourceTree = "<group>"; };
		88487E0620070D0E0036D55D /* Info.plist */ = {isa = PBXFileReference; lastKnownFileType = text.plist.xml; path = Info.plist; sourceTree = "<group>"; };
		88487E0B20070D0E0036D55D /* BlockPointersUITests.xctest */ = {isa = PBXFileReference; explicitFileType = wrapper.cfbundle; includeInIndex = 0; path = BlockPointersUITests.xctest; sourceTree = BUILT_PRODUCTS_DIR; };
		88487E0F20070D0F0036D55D /* BlockPointersUITests.m */ = {isa = PBXFileReference; lastKnownFileType = sourcecode.c.objc; path = BlockPointersUITests.m; sourceTree = "<group>"; };
		88487E1120070D0F0036D55D /* Info.plist */ = {isa = PBXFileReference; lastKnownFileType = text.plist.xml; path = Info.plist; sourceTree = "<group>"; };
		88487E1E200735BA0036D55D /* BPBlock.h */ = {isa = PBXFileReference; lastKnownFileType = sourcecode.c.h; path = BPBlock.h; sourceTree = "<group>"; };
		88487E1F200748940036D55D /* NSObject+Block.h */ = {isa = PBXFileReference; lastKnownFileType = sourcecode.c.h; path = "NSObject+Block.h"; sourceTree = "<group>"; };
		88487E20200748940036D55D /* NSObject+Block.m */ = {isa = PBXFileReference; lastKnownFileType = sourcecode.c.objc; path = "NSObject+Block.m"; sourceTree = "<group>"; };
		88487E22200766EE0036D55D /* BPBlockLayout.h */ = {isa = PBXFileReference; lastKnownFileType = sourcecode.c.h; path = BPBlockLayout.h; sourceTree = "<group>"; };
		88487E23200766EE0036D55D /* BPBlockLayout.m */ = {isa = PBXFileReference; lastKnownFileType = sourcecode.c.objc; path = BPBlockLayout.m; sourceTree = "<group>"; };
		C810FE098BF7E312877E7F99 /* Pods-BlockPointers.debug.xcconfig */ = {isa = PBXFileReference; includeInIndex = 1; lastKnownFileType = text.xcconfig; name = "Pods-BlockPointers.debug.xcconfig"; path = "Pods/Target Support Files/Pods-BlockPointers/Pods-BlockPointers.debug.xcconfig"; sourceTree = "<group>"; };
		DA91CE06449007C0E733481B /* Pods-BlockPointers.release.xcconfig */ = {isa = PBXFileReference; includeInIndex = 1; lastKnownFileType = text.xcconfig; name = "Pods-BlockPointers.release.xcconfig"; path = "Pods/Target Support Files/Pods-BlockPointers/Pods-BlockPointers.release.xcconfig"; sourceTree = "<group>"; };
/* End PBXFileReference section */

/* Begin PBXFrameworksBuildPhase section */
		88487DE520070D0E0036D55D /* Frameworks */ = {
			isa = PBXFrameworksBuildPhase;
			buildActionMask = 2147483647;
			files = (
				4DDBCB40B803B50BF991B891 /* libPods-BlockPointers.a in Frameworks */,
			);
			runOnlyForDeploymentPostprocessing = 0;
		};
		88487DFD20070D0E0036D55D /* Frameworks */ = {
			isa = PBXFrameworksBuildPhase;
			buildActionMask = 2147483647;
			files = (
			);
			runOnlyForDeploymentPostprocessing = 0;
		};
		88487E0820070D0E0036D55D /* Frameworks */ = {
			isa = PBXFrameworksBuildPhase;
			buildActionMask = 2147483647;
			files = (
			);
			runOnlyForDeploymentPostprocessing = 0;
		};
/* End PBXFrameworksBuildPhase section */

/* Begin PBXGroup section */
		00DA77AD6A8CC66C17932A30 /* Pods */ = {
			isa = PBXGroup;
			children = (
				C810FE098BF7E312877E7F99 /* Pods-BlockPointers.debug.xcconfig */,
				DA91CE06449007C0E733481B /* Pods-BlockPointers.release.xcconfig */,
			);
			name = Pods;
			sourceTree = "<group>";
		};
		3C5759B4E1053531E7DB29E7 /* Frameworks */ = {
			isa = PBXGroup;
			children = (
				0F5EC5FB65C5B72C698B71C3 /* libPods-BlockPointers.a */,
			);
			name = Frameworks;
			sourceTree = "<group>";
		};
		88487DDF20070D0E0036D55D = {
			isa = PBXGroup;
			children = (
				88487DEA20070D0E0036D55D /* BlockPointers */,
				88487E0320070D0E0036D55D /* BlockPointersTests */,
				88487E0E20070D0F0036D55D /* BlockPointersUITests */,
				88487DE920070D0E0036D55D /* Products */,
				00DA77AD6A8CC66C17932A30 /* Pods */,
				3C5759B4E1053531E7DB29E7 /* Frameworks */,
			);
			sourceTree = "<group>";
		};
		88487DE920070D0E0036D55D /* Products */ = {
			isa = PBXGroup;
			children = (
				88487DE820070D0E0036D55D /* BlockPointers.app */,
				88487E0020070D0E0036D55D /* BlockPointersTests.xctest */,
				88487E0B20070D0E0036D55D /* BlockPointersUITests.xctest */,
			);
			name = Products;
			sourceTree = "<group>";
		};
		88487DEA20070D0E0036D55D /* BlockPointers */ = {
			isa = PBXGroup;
			children = (
				88487E1D200735960036D55D /* BlockPointers */,
				88487DEB20070D0E0036D55D /* AppDelegate.h */,
				88487DEC20070D0E0036D55D /* AppDelegate.m */,
				88487DEE20070D0E0036D55D /* ViewController.h */,
				88487DEF20070D0E0036D55D /* ViewController.m */,
				88487DF120070D0E0036D55D /* Main.storyboard */,
				88487DF420070D0E0036D55D /* Assets.xcassets */,
				88487DF620070D0E0036D55D /* LaunchScreen.storyboard */,
				88487DF920070D0E0036D55D /* Info.plist */,
				88487DFA20070D0E0036D55D /* main.m */,
			);
			path = BlockPointers;
			sourceTree = "<group>";
		};
		88487E0320070D0E0036D55D /* BlockPointersTests */ = {
			isa = PBXGroup;
			children = (
				88487E0420070D0E0036D55D /* BlockPointersTests.m */,
				88487E0620070D0E0036D55D /* Info.plist */,
			);
			path = BlockPointersTests;
			sourceTree = "<group>";
		};
		88487E0E20070D0F0036D55D /* BlockPointersUITests */ = {
			isa = PBXGroup;
			children = (
				88487E0F20070D0F0036D55D /* BlockPointersUITests.m */,
				88487E1120070D0F0036D55D /* Info.plist */,
			);
			path = BlockPointersUITests;
			sourceTree = "<group>";
		};
		88487E1D200735960036D55D /* BlockPointers */ = {
			isa = PBXGroup;
			children = (
				88487E1E200735BA0036D55D /* BPBlock.h */,
				88487E1F200748940036D55D /* NSObject+Block.h */,
				88487E20200748940036D55D /* NSObject+Block.m */,
				88487E22200766EE0036D55D /* BPBlockLayout.h */,
				88487E23200766EE0036D55D /* BPBlockLayout.m */,
			);
			path = BlockPointers;
			sourceTree = "<group>";
		};
/* End PBXGroup section */

/* Begin PBXNativeTarget section */
		88487DE720070D0E0036D55D /* BlockPointers */ = {
			isa = PBXNativeTarget;
			buildConfigurationList = 88487E1420070D0F0036D55D /* Build configuration list for PBXNativeTarget "BlockPointers" */;
			buildPhases = (
				F832757E30987A7175DB318A /* [CP] Check Pods Manifest.lock */,
				88487DE420070D0E0036D55D /* Sources */,
				88487DE520070D0E0036D55D /* Frameworks */,
				88487DE620070D0E0036D55D /* Resources */,
				A817859FD4322D8F14FAE4C9 /* [CP] Embed Pods Frameworks */,
				339877D56E51AE497C49A2B6 /* [CP] Copy Pods Resources */,
			);
			buildRules = (
			);
			dependencies = (
			);
			name = BlockPointers;
			productName = BlockPointers;
			productReference = 88487DE820070D0E0036D55D /* BlockPointers.app */;
			productType = "com.apple.product-type.application";
		};
		88487DFF20070D0E0036D55D /* BlockPointersTests */ = {
			isa = PBXNativeTarget;
			buildConfigurationList = 88487E1720070D0F0036D55D /* Build configuration list for PBXNativeTarget "BlockPointersTests" */;
			buildPhases = (
				88487DFC20070D0E0036D55D /* Sources */,
				88487DFD20070D0E0036D55D /* Frameworks */,
				88487DFE20070D0E0036D55D /* Resources */,
			);
			buildRules = (
			);
			dependencies = (
				88487E0220070D0E0036D55D /* PBXTargetDependency */,
			);
			name = BlockPointersTests;
			productName = BlockPointersTests;
			productReference = 88487E0020070D0E0036D55D /* BlockPointersTests.xctest */;
			productType = "com.apple.product-type.bundle.unit-test";
		};
		88487E0A20070D0E0036D55D /* BlockPointersUITests */ = {
			isa = PBXNativeTarget;
			buildConfigurationList = 88487E1A20070D0F0036D55D /* Build configuration list for PBXNativeTarget "BlockPointersUITests" */;
			buildPhases = (
				88487E0720070D0E0036D55D /* Sources */,
				88487E0820070D0E0036D55D /* Frameworks */,
				88487E0920070D0E0036D55D /* Resources */,
			);
			buildRules = (
			);
			dependencies = (
				88487E0D20070D0E0036D55D /* PBXTargetDependency */,
			);
			name = BlockPointersUITests;
			productName = BlockPointersUITests;
			productReference = 88487E0B20070D0E0036D55D /* BlockPointersUITests.xctest */;
			productType = "com.apple.product-type.bundle.ui-testing";
		};
/* End PBXNativeTarget section */

/* Begin PBXProject section */
		88487DE020070D0E0036D55D /* Project object */ = {
			isa = PBXProject;
			attributes = {
				LastUpgradeCheck = 0920;
				ORGANIZATIONNAME = com.GodL.github;
				TargetAttributes = {
					88487DE720070D0E0036D55D = {
						CreatedOnToolsVersion = 9.2;
						ProvisioningStyle = Automatic;
					};
					88487DFF20070D0E0036D55D = {
						CreatedOnToolsVersion = 9.2;
						ProvisioningStyle = Automatic;
						TestTargetID = 88487DE720070D0E0036D55D;
					};
					88487E0A20070D0E0036D55D = {
						CreatedOnToolsVersion = 9.2;
						ProvisioningStyle = Automatic;
						TestTargetID = 88487DE720070D0E0036D55D;
					};
				};
			};
			buildConfigurationList = 88487DE320070D0E0036D55D /* Build configuration list for PBXProject "BlockPointers" */;
			compatibilityVersion = "Xcode 8.0";
			developmentRegion = en;
			hasScannedForEncodings = 0;
			knownRegions = (
				en,
				Base,
			);
			mainGroup = 88487DDF20070D0E0036D55D;
			productRefGroup = 88487DE920070D0E0036D55D /* Products */;
			projectDirPath = "";
			projectRoot = "";
			targets = (
				88487DE720070D0E0036D55D /* BlockPointers */,
				88487DFF20070D0E0036D55D /* BlockPointersTests */,
				88487E0A20070D0E0036D55D /* BlockPointersUITests */,
			);
		};
/* End PBXProject section */

/* Begin PBXResourcesBuildPhase section */
		88487DE620070D0E0036D55D /* Resources */ = {
			isa = PBXResourcesBuildPhase;
			buildActionMask = 2147483647;
			files = (
				88487DF820070D0E0036D55D /* LaunchScreen.storyboard in Resources */,
				88487DF520070D0E0036D55D /* Assets.xcassets in Resources */,
				88487DF320070D0E0036D55D /* Main.storyboard in Resources */,
			);
			runOnlyForDeploymentPostprocessing = 0;
		};
		88487DFE20070D0E0036D55D /* Resources */ = {
			isa = PBXResourcesBuildPhase;
			buildActionMask = 2147483647;
			files = (
			);
			runOnlyForDeploymentPostprocessing = 0;
		};
		88487E0920070D0E0036D55D /* Resources */ = {
			isa = PBXResourcesBuildPhase;
			buildActionMask = 2147483647;
			files = (
			);
			runOnlyForDeploymentPostprocessing = 0;
		};
/* End PBXResourcesBuildPhase section */

/* Begin PBXShellScriptBuildPhase section */
		339877D56E51AE497C49A2B6 /* [CP] Copy Pods Resources */ = {
			isa = PBXShellScriptBuildPhase;
			buildActionMask = 2147483647;
			files = (
			);
			inputPaths = (
			);
			name = "[CP] Copy Pods Resources";
			outputPaths = (
			);
			runOnlyForDeploymentPostprocessing = 0;
			shellPath = /bin/sh;
			shellScript = "\"${SRCROOT}/Pods/Target Support Files/Pods-BlockPointers/Pods-BlockPointers-resources.sh\"\n";
			showEnvVarsInLog = 0;
		};
		A817859FD4322D8F14FAE4C9 /* [CP] Embed Pods Frameworks */ = {
			isa = PBXShellScriptBuildPhase;
			buildActionMask = 2147483647;
			files = (
			);
			inputPaths = (
			);
			name = "[CP] Embed Pods Frameworks";
			outputPaths = (
			);
			runOnlyForDeploymentPostprocessing = 0;
			shellPath = /bin/sh;
			shellScript = "\"${SRCROOT}/Pods/Target Support Files/Pods-BlockPointers/Pods-BlockPointers-frameworks.sh\"\n";
			showEnvVarsInLog = 0;
		};
		F832757E30987A7175DB318A /* [CP] Check Pods Manifest.lock */ = {
			isa = PBXShellScriptBuildPhase;
			buildActionMask = 2147483647;
			files = (
			);
			inputPaths = (
			);
			name = "[CP] Check Pods Manifest.lock";
			outputPaths = (
			);
			runOnlyForDeploymentPostprocessing = 0;
			shellPath = /bin/sh;
			shellScript = "diff \"${PODS_ROOT}/../Podfile.lock\" \"${PODS_ROOT}/Manifest.lock\" > /dev/null\nif [ $? != 0 ] ; then\n    # print error to STDERR\n    echo \"error: The sandbox is not in sync with the Podfile.lock. Run 'pod install' or update your CocoaPods installation.\" >&2\n    exit 1\nfi\n";
			showEnvVarsInLog = 0;
		};
/* End PBXShellScriptBuildPhase section */

/* Begin PBXSourcesBuildPhase section */
		88487DE420070D0E0036D55D /* Sources */ = {
			isa = PBXSourcesBuildPhase;
			buildActionMask = 2147483647;
			files = (
				88487DF020070D0E0036D55D /* ViewController.m in Sources */,
				88487E21200748940036D55D /* NSObject+Block.m in Sources */,
				88487DFB20070D0E0036D55D /* main.m in Sources */,
				88487E24200766EE0036D55D /* BPBlockLayout.m in Sources */,
				88487DED20070D0E0036D55D /* AppDelegate.m in Sources */,
			);
			runOnlyForDeploymentPostprocessing = 0;
		};
		88487DFC20070D0E0036D55D /* Sources */ = {
			isa = PBXSourcesBuildPhase;
			buildActionMask = 2147483647;
			files = (
				88487E0520070D0E0036D55D /* BlockPointersTests.m in Sources */,
			);
			runOnlyForDeploymentPostprocessing = 0;
		};
		88487E0720070D0E0036D55D /* Sources */ = {
			isa = PBXSourcesBuildPhase;
			buildActionMask = 2147483647;
			files = (
				88487E1020070D0F0036D55D /* BlockPointersUITests.m in Sources */,
			);
			runOnlyForDeploymentPostprocessing = 0;
		};
/* End PBXSourcesBuildPhase section */

/* Begin PBXTargetDependency section */
		88487E0220070D0E0036D55D /* PBXTargetDependency */ = {
			isa = PBXTargetDependency;
			target = 88487DE720070D0E0036D55D /* BlockPointers */;
			targetProxy = 88487E0120070D0E0036D55D /* PBXContainerItemProxy */;
		};
		88487E0D20070D0E0036D55D /* PBXTargetDependency */ = {
			isa = PBXTargetDependency;
			target = 88487DE720070D0E0036D55D /* BlockPointers */;
			targetProxy = 88487E0C20070D0E0036D55D /* PBXContainerItemProxy */;
		};
/* End PBXTargetDependency section */

/* Begin PBXVariantGroup section */
		88487DF120070D0E0036D55D /* Main.storyboard */ = {
			isa = PBXVariantGroup;
			children = (
				88487DF220070D0E0036D55D /* Base */,
			);
			name = Main.storyboard;
			sourceTree = "<group>";
		};
		88487DF620070D0E0036D55D /* LaunchScreen.storyboard */ = {
			isa = PBXVariantGroup;
			children = (
				88487DF720070D0E0036D55D /* Base */,
			);
			name = LaunchScreen.storyboard;
			sourceTree = "<group>";
		};
/* End PBXVariantGroup section */

/* Begin XCBuildConfiguration section */
		88487E1220070D0F0036D55D /* Debug */ = {
			isa = XCBuildConfiguration;
			buildSettings = {
				ALWAYS_SEARCH_USER_PATHS = NO;
				CLANG_ANALYZER_NONNULL = YES;
				CLANG_ANALYZER_NUMBER_OBJECT_CONVERSION = YES_AGGRESSIVE;
				CLANG_CXX_LANGUAGE_STANDARD = "gnu++14";
				CLANG_CXX_LIBRARY = "libc++";
				CLANG_ENABLE_MODULES = YES;
				CLANG_ENABLE_OBJC_ARC = YES;
				CLANG_WARN_BLOCK_CAPTURE_AUTORELEASING = YES;
				CLANG_WARN_BOOL_CONVERSION = YES;
				CLANG_WARN_COMMA = YES;
				CLANG_WARN_CONSTANT_CONVERSION = YES;
				CLANG_WARN_DIRECT_OBJC_ISA_USAGE = YES_ERROR;
				CLANG_WARN_DOCUMENTATION_COMMENTS = YES;
				CLANG_WARN_EMPTY_BODY = YES;
				CLANG_WARN_ENUM_CONVERSION = YES;
				CLANG_WARN_INFINITE_RECURSION = YES;
				CLANG_WARN_INT_CONVERSION = YES;
				CLANG_WARN_NON_LITERAL_NULL_CONVERSION = YES;
				CLANG_WARN_OBJC_LITERAL_CONVERSION = YES;
				CLANG_WARN_OBJC_ROOT_CLASS = YES_ERROR;
				CLANG_WARN_RANGE_LOOP_ANALYSIS = YES;
				CLANG_WARN_STRICT_PROTOTYPES = YES;
				CLANG_WARN_SUSPICIOUS_MOVE = YES;
				CLANG_WARN_UNGUARDED_AVAILABILITY = YES_AGGRESSIVE;
				CLANG_WARN_UNREACHABLE_CODE = YES;
				CLANG_WARN__DUPLICATE_METHOD_MATCH = YES;
				CODE_SIGN_IDENTITY = "iPhone Developer";
				COPY_PHASE_STRIP = NO;
				DEBUG_INFORMATION_FORMAT = dwarf;
				ENABLE_STRICT_OBJC_MSGSEND = YES;
				ENABLE_TESTABILITY = YES;
				GCC_C_LANGUAGE_STANDARD = gnu11;
				GCC_DYNAMIC_NO_PIC = NO;
				GCC_NO_COMMON_BLOCKS = YES;
				GCC_OPTIMIZATION_LEVEL = 0;
				GCC_PREPROCESSOR_DEFINITIONS = (
					"DEBUG=1",
					"$(inherited)",
				);
				GCC_WARN_64_TO_32_BIT_CONVERSION = YES;
				GCC_WARN_ABOUT_RETURN_TYPE = YES_ERROR;
				GCC_WARN_UNDECLARED_SELECTOR = YES;
				GCC_WARN_UNINITIALIZED_AUTOS = YES_AGGRESSIVE;
				GCC_WARN_UNUSED_FUNCTION = YES;
				GCC_WARN_UNUSED_VARIABLE = YES;
				IPHONEOS_DEPLOYMENT_TARGET = 11.2;
				MTL_ENABLE_DEBUG_INFO = YES;
				ONLY_ACTIVE_ARCH = YES;
				SDKROOT = iphoneos;
			};
			name = Debug;
		};
		88487E1320070D0F0036D55D /* Release */ = {
			isa = XCBuildConfiguration;
			buildSettings = {
				ALWAYS_SEARCH_USER_PATHS = NO;
				CLANG_ANALYZER_NONNULL = YES;
				CLANG_ANALYZER_NUMBER_OBJECT_CONVERSION = YES_AGGRESSIVE;
				CLANG_CXX_LANGUAGE_STANDARD = "gnu++14";
				CLANG_CXX_LIBRARY = "libc++";
				CLANG_ENABLE_MODULES = YES;
				CLANG_ENABLE_OBJC_ARC = YES;
				CLANG_WARN_BLOCK_CAPTURE_AUTORELEASING = YES;
				CLANG_WARN_BOOL_CONVERSION = YES;
				CLANG_WARN_COMMA = YES;
				CLANG_WARN_CONSTANT_CONVERSION = YES;
				CLANG_WARN_DIRECT_OBJC_ISA_USAGE = YES_ERROR;
				CLANG_WARN_DOCUMENTATION_COMMENTS = YES;
				CLANG_WARN_EMPTY_BODY = YES;
				CLANG_WARN_ENUM_CONVERSION = YES;
				CLANG_WARN_INFINITE_RECURSION = YES;
				CLANG_WARN_INT_CONVERSION = YES;
				CLANG_WARN_NON_LITERAL_NULL_CONVERSION = YES;
				CLANG_WARN_OBJC_LITERAL_CONVERSION = YES;
				CLANG_WARN_OBJC_ROOT_CLASS = YES_ERROR;
				CLANG_WARN_RANGE_LOOP_ANALYSIS = YES;
				CLANG_WARN_STRICT_PROTOTYPES = YES;
				CLANG_WARN_SUSPICIOUS_MOVE = YES;
				CLANG_WARN_UNGUARDED_AVAILABILITY = YES_AGGRESSIVE;
				CLANG_WARN_UNREACHABLE_CODE = YES;
				CLANG_WARN__DUPLICATE_METHOD_MATCH = YES;
				CODE_SIGN_IDENTITY = "iPhone Developer";
				COPY_PHASE_STRIP = NO;
				DEBUG_INFORMATION_FORMAT = "dwarf-with-dsym";
				ENABLE_NS_ASSERTIONS = NO;
				ENABLE_STRICT_OBJC_MSGSEND = YES;
				GCC_C_LANGUAGE_STANDARD = gnu11;
				GCC_NO_COMMON_BLOCKS = YES;
				GCC_WARN_64_TO_32_BIT_CONVERSION = YES;
				GCC_WARN_ABOUT_RETURN_TYPE = YES_ERROR;
				GCC_WARN_UNDECLARED_SELECTOR = YES;
				GCC_WARN_UNINITIALIZED_AUTOS = YES_AGGRESSIVE;
				GCC_WARN_UNUSED_FUNCTION = YES;
				GCC_WARN_UNUSED_VARIABLE = YES;
				IPHONEOS_DEPLOYMENT_TARGET = 11.2;
				MTL_ENABLE_DEBUG_INFO = NO;
				SDKROOT = iphoneos;
				VALIDATE_PRODUCT = YES;
			};
			name = Release;
		};
		88487E1520070D0F0036D55D /* Debug */ = {
			isa = XCBuildConfiguration;
			baseConfigurationReference = C810FE098BF7E312877E7F99 /* Pods-BlockPointers.debug.xcconfig */;
			buildSettings = {
				ASSETCATALOG_COMPILER_APPICON_NAME = AppIcon;
				CODE_SIGN_STYLE = Automatic;
				INFOPLIST_FILE = BlockPointers/Info.plist;
				LD_RUNPATH_SEARCH_PATHS = "$(inherited) @executable_path/Frameworks";
				PRODUCT_BUNDLE_IDENTIFIER = GodL.BlockPointers;
				PRODUCT_NAME = "$(TARGET_NAME)";
				TARGETED_DEVICE_FAMILY = "1,2";
			};
			name = Debug;
		};
		88487E1620070D0F0036D55D /* Release */ = {
			isa = XCBuildConfiguration;
			baseConfigurationReference = DA91CE06449007C0E733481B /* Pods-BlockPointers.release.xcconfig */;
			buildSettings = {
				ASSETCATALOG_COMPILER_APPICON_NAME = AppIcon;
				CODE_SIGN_STYLE = Automatic;
				INFOPLIST_FILE = BlockPointers/Info.plist;
				LD_RUNPATH_SEARCH_PATHS = "$(inherited) @executable_path/Frameworks";
				PRODUCT_BUNDLE_IDENTIFIER = GodL.BlockPointers;
				PRODUCT_NAME = "$(TARGET_NAME)";
				TARGETED_DEVICE_FAMILY = "1,2";
			};
			name = Release;
		};
		88487E1820070D0F0036D55D /* Debug */ = {
			isa = XCBuildConfiguration;
			buildSettings = {
				BUNDLE_LOADER = "$(TEST_HOST)";
				CODE_SIGN_STYLE = Automatic;
				INFOPLIST_FILE = BlockPointersTests/Info.plist;
				LD_RUNPATH_SEARCH_PATHS = "$(inherited) @executable_path/Frameworks @loader_path/Frameworks";
				PRODUCT_BUNDLE_IDENTIFIER = GodL.BlockPointersTests;
				PRODUCT_NAME = "$(TARGET_NAME)";
				TARGETED_DEVICE_FAMILY = "1,2";
				TEST_HOST = "$(BUILT_PRODUCTS_DIR)/BlockPointers.app/BlockPointers";
			};
			name = Debug;
		};
		88487E1920070D0F0036D55D /* Release */ = {
			isa = XCBuildConfiguration;
			buildSettings = {
				BUNDLE_LOADER = "$(TEST_HOST)";
				CODE_SIGN_STYLE = Automatic;
				INFOPLIST_FILE = BlockPointersTests/Info.plist;
				LD_RUNPATH_SEARCH_PATHS = "$(inherited) @executable_path/Frameworks @loader_path/Frameworks";
				PRODUCT_BUNDLE_IDENTIFIER = GodL.BlockPointersTests;
				PRODUCT_NAME = "$(TARGET_NAME)";
				TARGETED_DEVICE_FAMILY = "1,2";
				TEST_HOST = "$(BUILT_PRODUCTS_DIR)/BlockPointers.app/BlockPointers";
			};
			name = Release;
		};
		88487E1B20070D0F0036D55D /* Debug */ = {
			isa = XCBuildConfiguration;
			buildSettings = {
				CODE_SIGN_STYLE = Automatic;
				INFOPLIST_FILE = BlockPointersUITests/Info.plist;
				LD_RUNPATH_SEARCH_PATHS = "$(inherited) @executable_path/Frameworks @loader_path/Frameworks";
				PRODUCT_BUNDLE_IDENTIFIER = GodL.BlockPointersUITests;
				PRODUCT_NAME = "$(TARGET_NAME)";
				TARGETED_DEVICE_FAMILY = "1,2";
				TEST_TARGET_NAME = BlockPointers;
			};
			name = Debug;
		};
		88487E1C20070D0F0036D55D /* Release */ = {
			isa = XCBuildConfiguration;
			buildSettings = {
				CODE_SIGN_STYLE = Automatic;
				INFOPLIST_FILE = BlockPointersUITests/Info.plist;
				LD_RUNPATH_SEARCH_PATHS = "$(inherited) @executable_path/Frameworks @loader_path/Frameworks";
				PRODUCT_BUNDLE_IDENTIFIER = GodL.BlockPointersUITests;
				PRODUCT_NAME = "$(TARGET_NAME)";
				TARGETED_DEVICE_FAMILY = "1,2";
				TEST_TARGET_NAME = BlockPointers;
			};
			name = Release;
		};
/* End XCBuildConfiguration section */

/* Begin XCConfigurationList section */
		88487DE320070D0E0036D55D /* Build configuration list for PBXProject "BlockPointers" */ = {
			isa = XCConfigurationList;
			buildConfigurations = (
				88487E1220070D0F0036D55D /* Debug */,
				88487E1320070D0F0036D55D /* Release */,
			);
			defaultConfigurationIsVisible = 0;
			defaultConfigurationName = Release;
		};
		88487E1420070D0F0036D55D /* Build configuration list for PBXNativeTarget "BlockPointers" */ = {
			isa = XCConfigurationList;
			buildConfigurations = (
				88487E1520070D0F0036D55D /* Debug */,
				88487E1620070D0F0036D55D /* Release */,
			);
			defaultConfigurationIsVisible = 0;
			defaultConfigurationName = Release;
		};
		88487E1720070D0F0036D55D /* Build configuration list for PBXNativeTarget "BlockPointersTests" */ = {
			isa = XCConfigurationList;
			buildConfigurations = (
				88487E1820070D0F0036D55D /* Debug */,
				88487E1920070D0F0036D55D /* Release */,
			);
			defaultConfigurationIsVisible = 0;
			defaultConfigurationName = Release;
		};
		88487E1A20070D0F0036D55D /* Build configuration list for PBXNativeTarget "BlockPointersUITests" */ = {
			isa = XCConfigurationList;
			buildConfigurations = (
				88487E1B20070D0F0036D55D /* Debug */,
				88487E1C20070D0F0036D55D /* Release */,
			);
			defaultConfigurationIsVisible = 0;
			defaultConfigurationName = Release;
		};
/* End XCConfigurationList section */
	};
	rootObject = 88487DE020070D0E0036D55D /* Project object */;
}
